
Microsoft Visual Studio Solution File, Format Version 12.00
# Visual Studio Version 17
VisualStudioVersion = 17.0.31903.59
MinimumVisualStudioVersion = 10.0.40219.1
Project("{2150E333-8FDC-42A3-9474-1A3956D46DE8}") = "src", "src", "{827E0CD3-B72D-47B6-A68D-7590B98EB39B}"
EndProject
Project("{FAE04EC0-301F-11D3-BF4B-00C04F79EFBC}") = "Avatar.Core", "src\Avatar.Core\Avatar.Core.csproj", "{8060D4D7-0907-419D-A9A9-66C8E0098E65}"
EndProject
Project("{FAE04EC0-301F-11D3-BF4B-00C04F79EFBC}") = "Avatar.Infrastructure", "src\Avatar.Infrastructure\Avatar.Infrastructure.csproj", "{39028659-8117-48E0-8BF5-172EF82A5249}"
EndProject
Project("{FAE04EC0-301F-11D3-BF4B-00C04F79EFBC}") = "Avatar.Web", "src\Avatar.Web\Avatar.Web.csproj", "{E60246F5-B4AA-4C16-BE19-10656047285A}"
EndProject
Project("{FAE04EC0-301F-11D3-BF4B-00C04F79EFBC}") = "Avatar.UnitTests", "tests\Avatar.UnitTests\Avatar.UnitTests.csproj", "{8089E3BF-7C5B-42E0-89A2-232873954C40}"
EndProject
Project("{FAE04EC0-301F-11D3-BF4B-00C04F79EFBC}") = "Avatar.IntegrationTests", "tests\Avatar.IntegrationTests\Avatar.IntegrationTests.csproj", "{E78D2D3C-F18C-45A9-993B-B95E39B9450B}"
EndProject
Project("{FAE04EC0-301F-11D3-BF4B-00C04F79EFBC}") = "Avatar.AppHost", "src\Avatar.AppHost\Avatar.AppHost.csproj", "{D4A66A3D-FC76-464E-B1E1-0CA06FC5D75E}"
EndProject
Project("{FAE04EC0-301F-11D3-BF4B-00C04F79EFBC}") = "Avatar.ServiceDefaults", "src\Avatar.ServiceDefaults\Avatar.ServiceDefaults.csproj", "{1CE31390-DA74-4A9B-A71D-BD7D67CD4005}"
EndProject
Global
	GlobalSection(SolutionConfigurationPlatforms) = preSolution
		Debug|Any CPU = Debug|Any CPU
		Debug|x64 = Debug|x64
		Debug|x86 = Debug|x86
		Release|Any CPU = Release|Any CPU
		Release|x64 = Release|x64
		Release|x86 = Release|x86
	EndGlobalSection
	GlobalSection(ProjectConfigurationPlatforms) = postSolution
		{8060D4D7-0907-419D-A9A9-66C8E0098E65}.Debug|Any CPU.ActiveCfg = Debug|Any CPU
		{8060D4D7-0907-419D-A9A9-66C8E0098E65}.Debug|Any CPU.Build.0 = Debug|Any CPU
		{8060D4D7-0907-419D-A9A9-66C8E0098E65}.Debug|x64.ActiveCfg = Debug|Any CPU
		{8060D4D7-0907-419D-A9A9-66C8E0098E65}.Debug|x64.Build.0 = Debug|Any CPU
		{8060D4D7-0907-419D-A9A9-66C8E0098E65}.Debug|x86.ActiveCfg = Debug|Any CPU
		{8060D4D7-0907-419D-A9A9-66C8E0098E65}.Debug|x86.Build.0 = Debug|Any CPU
		{8060D4D7-0907-419D-A9A9-66C8E0098E65}.Release|Any CPU.ActiveCfg = Release|Any CPU
		{8060D4D7-0907-419D-A9A9-66C8E0098E65}.Release|Any CPU.Build.0 = Release|Any CPU
		{8060D4D7-0907-419D-A9A9-66C8E0098E65}.Release|x64.ActiveCfg = Release|Any CPU
		{8060D4D7-0907-419D-A9A9-66C8E0098E65}.Release|x64.Build.0 = Release|Any CPU
		{8060D4D7-0907-419D-A9A9-66C8E0098E65}.Release|x86.ActiveCfg = Release|Any CPU
		{8060D4D7-0907-419D-A9A9-66C8E0098E65}.Release|x86.Build.0 = Release|Any CPU
		{39028659-8117-48E0-8BF5-172EF82A5249}.Debug|Any CPU.ActiveCfg = Debug|Any CPU
		{39028659-8117-48E0-8BF5-172EF82A5249}.Debug|Any CPU.Build.0 = Debug|Any CPU
		{39028659-8117-48E0-8BF5-172EF82A5249}.Debug|x64.ActiveCfg = Debug|Any CPU
		{39028659-8117-48E0-8BF5-172EF82A5249}.Debug|x64.Build.0 = Debug|Any CPU
		{39028659-8117-48E0-8BF5-172EF82A5249}.Debug|x86.ActiveCfg = Debug|Any CPU
		{39028659-8117-48E0-8BF5-172EF82A5249}.Debug|x86.Build.0 = Debug|Any CPU
		{39028659-8117-48E0-8BF5-172EF82A5249}.Release|Any CPU.ActiveCfg = Release|Any CPU
		{39028659-8117-48E0-8BF5-172EF82A5249}.Release|Any CPU.Build.0 = Release|Any CPU
		{39028659-8117-48E0-8BF5-172EF82A5249}.Release|x64.ActiveCfg = Release|Any CPU
		{39028659-8117-48E0-8BF5-172EF82A5249}.Release|x64.Build.0 = Release|Any CPU
		{39028659-8117-48E0-8BF5-172EF82A5249}.Release|x86.ActiveCfg = Release|Any CPU
		{39028659-8117-48E0-8BF5-172EF82A5249}.Release|x86.Build.0 = Release|Any CPU
		{E60246F5-B4AA-4C16-BE19-10656047285A}.Debug|Any CPU.ActiveCfg = Debug|Any CPU
		{E60246F5-B4AA-4C16-BE19-10656047285A}.Debug|Any CPU.Build.0 = Debug|Any CPU
		{E60246F5-B4AA-4C16-BE19-10656047285A}.Debug|x64.ActiveCfg = Debug|Any CPU
		{E60246F5-B4AA-4C16-BE19-10656047285A}.Debug|x64.Build.0 = Debug|Any CPU
		{E60246F5-B4AA-4C16-BE19-10656047285A}.Debug|x86.ActiveCfg = Debug|Any CPU
		{E60246F5-B4AA-4C16-BE19-10656047285A}.Debug|x86.Build.0 = Debug|Any CPU
		{E60246F5-B4AA-4C16-BE19-10656047285A}.Release|Any CPU.ActiveCfg = Release|Any CPU
		{E60246F5-B4AA-4C16-BE19-10656047285A}.Release|Any CPU.Build.0 = Release|Any CPU
		{E60246F5-B4AA-4C16-BE19-10656047285A}.Release|x64.ActiveCfg = Release|Any CPU
		{E60246F5-B4AA-4C16-BE19-10656047285A}.Release|x64.Build.0 = Release|Any CPU
		{E60246F5-B4AA-4C16-BE19-10656047285A}.Release|x86.ActiveCfg = Release|Any CPU
		{E60246F5-B4AA-4C16-BE19-10656047285A}.Release|x86.Build.0 = Release|Any CPU
		{8089E3BF-7C5B-42E0-89A2-232873954C40}.Debug|Any CPU.ActiveCfg = Debug|Any CPU
		{8089E3BF-7C5B-42E0-89A2-232873954C40}.Debug|Any CPU.Build.0 = Debug|Any CPU
		{8089E3BF-7C5B-42E0-89A2-232873954C40}.Debug|x64.ActiveCfg = Debug|Any CPU
		{8089E3BF-7C5B-42E0-89A2-232873954C40}.Debug|x64.Build.0 = Debug|Any CPU
		{8089E3BF-7C5B-42E0-89A2-232873954C40}.Debug|x86.ActiveCfg = Debug|Any CPU
		{8089E3BF-7C5B-42E0-89A2-232873954C40}.Debug|x86.Build.0 = Debug|Any CPU
		{8089E3BF-7C5B-42E0-89A2-232873954C40}.Release|Any CPU.ActiveCfg = Release|Any CPU
		{8089E3BF-7C5B-42E0-89A2-232873954C40}.Release|Any CPU.Build.0 = Release|Any CPU
		{8089E3BF-7C5B-42E0-89A2-232873954C40}.Release|x64.ActiveCfg = Release|Any CPU
		{8089E3BF-7C5B-42E0-89A2-232873954C40}.Release|x64.Build.0 = Release|Any CPU
		{8089E3BF-7C5B-42E0-89A2-232873954C40}.Release|x86.ActiveCfg = Release|Any CPU
		{8089E3BF-7C5B-42E0-89A2-232873954C40}.Release|x86.Build.0 = Release|Any CPU
		{E78D2D3C-F18C-45A9-993B-B95E39B9450B}.Debug|Any CPU.ActiveCfg = Debug|Any CPU
		{E78D2D3C-F18C-45A9-993B-B95E39B9450B}.Debug|Any CPU.Build.0 = Debug|Any CPU
		{E78D2D3C-F18C-45A9-993B-B95E39B9450B}.Debug|x64.ActiveCfg = Debug|Any CPU
		{E78D2D3C-F18C-45A9-993B-B95E39B9450B}.Debug|x64.Build.0 = Debug|Any CPU
		{E78D2D3C-F18C-45A9-993B-B95E39B9450B}.Debug|x86.ActiveCfg = Debug|Any CPU
		{E78D2D3C-F18C-45A9-993B-B95E39B9450B}.Debug|x86.Build.0 = Debug|Any CPU
		{E78D2D3C-F18C-45A9-993B-B95E39B9450B}.Release|Any CPU.ActiveCfg = Release|Any CPU
		{E78D2D3C-F18C-45A9-993B-B95E39B9450B}.Release|Any CPU.Build.0 = Release|Any CPU
		{E78D2D3C-F18C-45A9-993B-B95E39B9450B}.Release|x64.ActiveCfg = Release|Any CPU
		{E78D2D3C-F18C-45A9-993B-B95E39B9450B}.Release|x64.Build.0 = Release|Any CPU
		{E78D2D3C-F18C-45A9-993B-B95E39B9450B}.Release|x86.ActiveCfg = Release|Any CPU
		{E78D2D3C-F18C-45A9-993B-B95E39B9450B}.Release|x86.Build.0 = Release|Any CPU
		{D4A66A3D-FC76-464E-B1E1-0CA06FC5D75E}.Debug|Any CPU.ActiveCfg = Debug|Any CPU
		{D4A66A3D-FC76-464E-B1E1-0CA06FC5D75E}.Debug|Any CPU.Build.0 = Debug|Any CPU
		{D4A66A3D-FC76-464E-B1E1-0CA06FC5D75E}.Debug|x64.ActiveCfg = Debug|Any CPU
		{D4A66A3D-FC76-464E-B1E1-0CA06FC5D75E}.Debug|x64.Build.0 = Debug|Any CPU
		{D4A66A3D-FC76-464E-B1E1-0CA06FC5D75E}.Debug|x86.ActiveCfg = Debug|Any CPU
		{D4A66A3D-FC76-464E-B1E1-0CA06FC5D75E}.Debug|x86.Build.0 = Debug|Any CPU
		{D4A66A3D-FC76-464E-B1E1-0CA06FC5D75E}.Release|Any CPU.ActiveCfg = Release|Any CPU
		{D4A66A3D-FC76-464E-B1E1-0CA06FC5D75E}.Release|Any CPU.Build.0 = Release|Any CPU
		{D4A66A3D-FC76-464E-B1E1-0CA06FC5D75E}.Release|x64.ActiveCfg = Release|Any CPU
		{D4A66A3D-FC76-464E-B1E1-0CA06FC5D75E}.Release|x64.Build.0 = Release|Any CPU
		{D4A66A3D-FC76-464E-B1E1-0CA06FC5D75E}.Release|x86.ActiveCfg = Release|Any CPU
		{D4A66A3D-FC76-464E-B1E1-0CA06FC5D75E}.Release|x86.Build.0 = Release|Any CPU
		{1CE31390-DA74-4A9B-A71D-BD7D67CD4005}.Debug|Any CPU.ActiveCfg = Debug|Any CPU
		{1CE31390-DA74-4A9B-A71D-BD7D67CD4005}.Debug|Any CPU.Build.0 = Debug|Any CPU
		{1CE31390-DA74-4A9B-A71D-BD7D67CD4005}.Debug|x64.ActiveCfg = Debug|Any CPU
		{1CE31390-DA74-4A9B-A71D-BD7D67CD4005}.Debug|x64.Build.0 = Debug|Any CPU
		{1CE31390-DA74-4A9B-A71D-BD7D67CD4005}.Debug|x86.ActiveCfg = Debug|Any CPU
		{1CE31390-DA74-4A9B-A71D-BD7D67CD4005}.Debug|x86.Build.0 = Debug|Any CPU
		{1CE31390-DA74-4A9B-A71D-BD7D67CD4005}.Release|Any CPU.ActiveCfg = Release|Any CPU
		{1CE31390-DA74-4A9B-A71D-BD7D67CD4005}.Release|Any CPU.Build.0 = Release|Any CPU
		{1CE31390-DA74-4A9B-A71D-BD7D67CD4005}.Release|x64.ActiveCfg = Release|Any CPU
		{1CE31390-DA74-4A9B-A71D-BD7D67CD4005}.Release|x64.Build.0 = Release|Any CPU
		{1CE31390-DA74-4A9B-A71D-BD7D67CD4005}.Release|x86.ActiveCfg = Release|Any CPU
		{1CE31390-DA74-4A9B-A71D-BD7D67CD4005}.Release|x86.Build.0 = Release|Any CPU
	EndGlobalSection
	GlobalSection(SolutionProperties) = preSolution
		HideSolutionNode = FALSE
	EndGlobalSection
	GlobalSection(NestedProjects) = preSolution
		{8060D4D7-0907-419D-A9A9-66C8E0098E65} = {827E0CD3-B72D-47B6-A68D-7590B98EB39B}
		{39028659-8117-48E0-8BF5-172EF82A5249} = {827E0CD3-B72D-47B6-A68D-7590B98EB39B}
		{E60246F5-B4AA-4C16-BE19-10656047285A} = {827E0CD3-B72D-47B6-A68D-7590B98EB39B}
		{8089E3BF-7C5B-42E0-89A2-232873954C40} = {827E0CD3-B72D-47B6-A68D-7590B98EB39B}
		{E78D2D3C-F18C-45A9-993B-B95E39B9450B} = {827E0CD3-B72D-47B6-A68D-7590B98EB39B}
		{D4A66A3D-FC76-464E-B1E1-0CA06FC5D75E} = {827E0CD3-B72D-47B6-A68D-7590B98EB39B}
		{1CE31390-DA74-4A9B-A71D-BD7D67CD4005} = {827E0CD3-B72D-47B6-A68D-7590B98EB39B}
	EndGlobalSection
EndGlobal
